
Microsoft Visual Studio Solution File, Format Version 12.00
# Visual Studio 15
Project("{FAE04EC0-301F-11D3-BF4B-00C04F79EFBC}") = "Assembly-CSharp", "Assembly-CSharp.csproj", "{D12F3A8D-C1CD-A64D-E877-C8A51E00D7C8}"
EndProject
Project("{FAE04EC0-301F-11D3-BF4B-00C04F79EFBC}") = "Danqzq.LeaderboardCreator", "Danqzq.LeaderboardCreator.csproj", "{9008D6F7-025C-AAB9-F047-EEAC839A552C}"
EndProject
Project("{FAE04EC0-301F-11D3-BF4B-00C04F79EFBC}") = "LeaderboardCreatorEditor", "LeaderboardCreatorEditor.csproj", "{C24F4E00-7F48-5208-7589-0FE32043511D}"
EndProject
Global
	GlobalSection(SolutionConfigurationPlatforms) = preSolution
		Debug|Any CPU = Debug|Any CPU
		Release|Any CPU = Release|Any CPU
	EndGlobalSection
	GlobalSection(ProjectConfigurationPlatforms) = postSolution
		{D12F3A8D-C1CD-A64D-E877-C8A51E00D7C8}.Debug|Any CPU.ActiveCfg = Debug|Any CPU
		{D12F3A8D-C1CD-A64D-E877-C8A51E00D7C8}.Debug|Any CPU.Build.0 = Debug|Any CPU
		{D12F3A8D-C1CD-A64D-E877-C8A51E00D7C8}.Release|Any CPU.ActiveCfg = Release|Any CPU
		{D12F3A8D-C1CD-A64D-E877-C8A51E00D7C8}.Release|Any CPU.Build.0 = Release|Any CPU
		{9008D6F7-025C-AAB9-F047-EEAC839A552C}.Debug|Any CPU.ActiveCfg = Debug|Any CPU
		{9008D6F7-025C-AAB9-F047-EEAC839A552C}.Debug|Any CPU.Build.0 = Debug|Any CPU
		{9008D6F7-025C-AAB9-F047-EEAC839A552C}.Release|Any CPU.ActiveCfg = Release|Any CPU
		{9008D6F7-025C-AAB9-F047-EEAC839A552C}.Release|Any CPU.Build.0 = Release|Any CPU
		{C24F4E00-7F48-5208-7589-0FE32043511D}.Debug|Any CPU.ActiveCfg = Debug|Any CPU
		{C24F4E00-7F48-5208-7589-0FE32043511D}.Debug|Any CPU.Build.0 = Debug|Any CPU
		{C24F4E00-7F48-5208-7589-0FE32043511D}.Release|Any CPU.ActiveCfg = Release|Any CPU
		{C24F4E00-7F48-5208-7589-0FE32043511D}.Release|Any CPU.Build.0 = Release|Any CPU
	EndGlobalSection
	GlobalSection(SolutionProperties) = preSolution
		HideSolutionNode = FALSE
	EndGlobalSection
EndGlobal
